<?xml version="1.0" encoding="utf-8"?>
<Project ToolsVersion="4.0" xmlns="http://schemas.microsoft.com/developer/msbuild/2003">
  <ItemGroup>
    <Filter Include="Source Files">
      <UniqueIdentifier>{4FC737F1-C7A5-4376-A066-2A32D752A2FF}</UniqueIdentifier>
      <Extensions>cpp;c;cc;cxx;c++;cppm;ixx;def;odl;idl;hpj;bat;asm;asmx</Extensions>
    </Filter>
    <Filter Include="Header Files">
      <UniqueIdentifier>{93995380-89BD-4b04-88EB-625FBE52EBFB}</UniqueIdentifier>
      <Extensions>h;hh;hpp;hxx;h++;hm;inl;inc;ipp;xsd</Extensions>
    </Filter>
    <Filter Include="Resource Files">
      <UniqueIdentifier>{67DA6AB6-F800-4c08-8B7A-83BB121AAD01}</UniqueIdentifier>
      <Extensions>rc;ico;cur;bmp;dlg;rc2;rct;bin;rgs;gif;jpg;jpeg;jpe;resx;tiff;tif;png;wav;mfcribbon-ms</Extensions>
    </Filter>
  </ItemGroup>
  <ItemGroup>
    <ClCompile Include="src\main.cpp">
      <Filter>Source Files</Filter>
    </ClCompile>
    <ClCompile Include="src\Game\GameManager\GameManager.cpp">
      <Filter>Source Files</Filter>
    </ClCompile>
    <ClCompile Include="src\Game\EntryPoint.cpp">
      <Filter>Source Files</Filter>
    </ClCompile>
    <ClCompile Include="src\Game\Window\WindowManager.cpp">
      <Filter>Source Files</Filter>
    </ClCompile>
    <ClCompile Include="src\Game\Renderer\Renderer.cpp">
      <Filter>Source Files</Filter>
    </ClCompile>
    <ClCompile Include="src\Game\Sprite\Sprite.cpp">
      <Filter>Source Files</Filter>
    </ClCompile>
    <ClCompile Include="src\Game\Object\Object.cpp">
      <Filter>Source Files</Filter>
    </ClCompile>
    <ClCompile Include="src\Game\XMLParser\XMLParser.cpp">
      <Filter>Source Files</Filter>
    </ClCompile>
    <ClCompile Include="src\Game\Sound\Sound.cpp">
      <Filter>Source Files</Filter>
    </ClCompile>
    <ClCompile Include="src\Game\Brick\Brick.cpp">
      <Filter>Source Files</Filter>
    </ClCompile>
    <ClCompile Include="src\Game\FontRenderer\Text.cpp">
      <Filter>Source Files</Filter>
    </ClCompile>
  </ItemGroup>
  <ItemGroup>
    <ClInclude Include="src\Game\GameManager\GameManager.h">
      <Filter>Header Files</Filter>
    </ClInclude>
    <ClInclude Include="src\Game\Game.h">
      <Filter>Header Files</Filter>
    </ClInclude>
    <ClInclude Include="src\Game\Window\WindowManager.h">
      <Filter>Header Files</Filter>
    </ClInclude>
    <ClInclude Include="src\Game\Renderer\Renderer.h">
      <Filter>Header Files</Filter>
    </ClInclude>
    <ClInclude Include="src\Game\Assert.h">
      <Filter>Header Files</Filter>
    </ClInclude>
    <ClInclude Include="src\Game\Logging\Log.h">
      <Filter>Header Files</Filter>
    </ClInclude>
    <ClInclude Include="src\Game\Sprite\Sprite.h">
      <Filter>Header Files</Filter>
    </ClInclude>
    <ClInclude Include="src\Game\Object\Object.h">
      <Filter>Header Files</Filter>
    </ClInclude>
    <ClInclude Include="src\Game\Input\Input.h">
      <Filter>Header Files</Filter>
    </ClInclude>
    <ClInclude Include="src\Wall.h">
      <Filter>Header Files</Filter>
    </ClInclude>
    <ClInclude Include="src\Player.h">
      <Filter>Header Files</Filter>
    </ClInclude>
    <ClInclude Include="src\Ball.h">
      <Filter>Header Files</Filter>
    </ClInclude>
    <ClInclude Include="src\Game\XMLParser\XMLParser.h">
      <Filter>Header Files</Filter>
    </ClInclude>
    <ClInclude Include="src\Background.h">
      <Filter>Header Files</Filter>
    </ClInclude>
    <ClInclude Include="src\Bricks.h">
      <Filter>Header Files</Filter>
    </ClInclude>
    <ClInclude Include="src\Game\Sound\Sound.h">
      <Filter>Header Files</Filter>
    </ClInclude>
    <ClInclude Include="src\Game\Brick\Brick.h">
      <Filter>Header Files</Filter>
    </ClInclude>
    <ClInclude Include="src\Level.h">
      <Filter>Header Files</Filter>
    </ClInclude>
    <ClInclude Include="src\Collisions.h">
      <Filter>Header Files</Filter>
    </ClInclude>
    <ClInclude Include="src\Game\FontRenderer\Text.h">
      <Filter>Header Files</Filter>
    </ClInclude>
    <ClInclude Include="src\Scoreboard.h">
      <Filter>Header Files</Filter>
    </ClInclude>
  </ItemGroup>
  <ItemGroup>
    <Image Include="src\assets\test.bmp">
      <Filter>Resource Files</Filter>
    </Image>
    <Image Include="src\assets\test.png">
      <Filter>Resource Files</Filter>
    </Image>
    <Image Include="src\assets\ball_blue.png">
      <Filter>Resource Files</Filter>
    </Image>
    <Image Include="src\assets\ball_white.png">
      <Filter>Resource Files</Filter>
    </Image>
    <Image Include="src\assets\brick_blue.png">
      <Filter>Resource Files</Filter>
    </Image>
    <Image Include="src\assets\brick_green.png">
      <Filter>Resource Files</Filter>
    </Image>
    <Image Include="src\assets\brick_purple.png">
      <Filter>Resource Files</Filter>
    </Image>
    <Image Include="src\assets\brick_red.png">
      <Filter>Resource Files</Filter>
    </Image>
    <Image Include="src\assets\brick_white.png">
      <Filter>Resource Files</Filter>
    </Image>
    <Image Include="src\assets\brick_yellow.png">
      <Filter>Resource Files</Filter>
    </Image>
    <Image Include="src\assets\player.png">
      <Filter>Resource Files</Filter>
    </Image>
    <Image Include="src\assets\powerup.png">
      <Filter>Resource Files</Filter>
    </Image>
    <Image Include="src\assets\backgrounds\background_mountains.png">
      <Filter>Resource Files</Filter>
    </Image>
    <Image Include="src\assets\textures\ball_blue.png">
      <Filter>Resource Files</Filter>
    </Image>
    <Image Include="src\assets\textures\ball_white.png">
      <Filter>Resource Files</Filter>
    </Image>
    <Image Include="src\assets\textures\brick_blue.png">
      <Filter>Resource Files</Filter>
    </Image>
    <Image Include="src\assets\textures\brick_green.png">
      <Filter>Resource Files</Filter>
    </Image>
    <Image Include="src\assets\textures\brick_purple.png">
      <Filter>Resource Files</Filter>
    </Image>
    <Image Include="src\assets\textures\brick_red.png">
      <Filter>Resource Files</Filter>
    </Image>
    <Image Include="src\assets\textures\brick_white.png">
      <Filter>Resource Files</Filter>
    </Image>
    <Image Include="src\assets\textures\brick_yellow.png">
      <Filter>Resource Files</Filter>
    </Image>
    <Image Include="src\assets\textures\player.png">
      <Filter>Resource Files</Filter>
    </Image>
    <Image Include="src\assets\textures\powerup.png">
      <Filter>Resource Files</Filter>
    </Image>
    <Image Include="src\assets\backgrounds\background_wood.png">
      <Filter>Resource Files</Filter>
    </Image>
  </ItemGroup>
  <ItemGroup>
    <Xml Include="src\assets\level1.xml" />
    <Xml Include="src\assets\levels\level1.xml" />
    <Xml Include="src\assets\levels\leveltest.xml" />
    <Xml Include="src\assets\levels\leveltesteasy.xml" />
    <Xml Include="src\assets\levels\level3.xml" />
    <Xml Include="src\assets\levels\level2.xml" />
  </ItemGroup>
  <ItemGroup>
    <Media Include="src\assets\soundfx\sound_bleep.wav">
      <Filter>Resource Files</Filter>
    </Media>
    <Media Include="src\assets\soundfx\sound_break.wav">
      <Filter>Resource Files</Filter>
    </Media>
    <Media Include="src\assets\soundfx\sound_break2.wav">
      <Filter>Resource Files</Filter>
    </Media>
    <Media Include="src\assets\soundfx\sound_hit_barrier.wav">
      <Filter>Resource Files</Filter>
    </Media>
    <Media Include="src\assets\soundfx\sound_hit1.wav">
      <Filter>Resource Files</Filter>
    </Media>
    <Media Include="src\assets\soundfx\sound_hit2.wav">
      <Filter>Resource Files</Filter>
    </Media>
    <Media Include="src\assets\soundfx\sound_wind.wav">
      <Filter>Resource Files</Filter>
    </Media>
    <Media Include="src\assets\soundfx\sound_winddown.wav">
      <Filter>Resource Files</Filter>
    </Media>
    <Media Include="src\assets\soundfx\sound_windup.wav">
      <Filter>Resource Files</Filter>
    </Media>
    <Media Include="src\assets\soundfx\sound_break1.wav">
      <Filter>Resource Files</Filter>
    </Media>
    <Media Include="src\assets\soundfx\sound_player_hit.wav">
      <Filter>Resource Files</Filter>
    </Media>
    <Media Include="src\assets\soundfx\sound_lost.wav">
      <Filter>Resource Files</Filter>
    </Media>
  </ItemGroup>
  <ItemGroup>
    <Font Include="src\assets\fonts\SF Atarian System Bold.ttf" />
    <Font Include="src\assets\fonts\SF Atarian System.ttf" />
  </ItemGroup>
</Project>